<Solution>
  <Folder Name="/Services/" />
  <Folder Name="/Services/Inventory/">
    <Project Path="../InventoryManagement_Latest/Services/Inventory/Inventory.API/Inventory.API.csproj" />
    <Project Path="../InventoryManagement_Latest/Services/Inventory/Inventory.Application/Inventory.Application.csproj" />
    <Project Path="../InventoryManagement_Latest/Services/Inventory/Inventory.Core/Inventory.Core.csproj" />
    <Project Path="../InventoryManagement_Latest/Services/Inventory/Inventory.Infrastructure/Inventory.Infrastructure.csproj" />
  </Folder>
  <Folder Name="/Services/Product/">
    <Project Path="Services/Product/Product.API/Product.API.csproj" Id="e76b4b9d-2529-4864-a78d-cad392717dca" />
    <Project Path="Services/Product/Product.Application/Product.Application.csproj" Id="241d31f7-111b-4ff6-b8fc-f7e524a2dc08" />
    <Project Path="Services/Product/Product.Core/Product.Core.csproj" Id="3262c6a8-a46a-4bc7-bc80-9788972b023e" />
    <Project Path="Services/Product/Product.Infrastructure/Product.Infrastructure.csproj" Id="f3b1ca5e-bd21-43e1-af90-5a4c01d6f9ec" />
  </Folder>
  <Folder Name="/Services/Reports/" />
  <Folder Name="/Services/Warehouse/">
    <Project Path="Services/Warehouse/Warehouse.API/Warehouse.API.csproj" Id="c7e96abf-4c9d-4882-9f27-8dce0b12c403" />
    <Project Path="Services/Warehouse/Warehouse.Application/Warehouse.Application.csproj" Id="c377875f-3ec1-46b5-8fd3-662db456824e" />
    <Project Path="Services/Warehouse/Warehouse.Core/Warehouse.Core.csproj" Id="82d36f4b-26a6-4a85-9c22-f1f1a6eed4e1" />
    <Project Path="Services/Warehouse/Warehouse.Infrastructure/Warehouse.Infrastructure.csproj" Id="b9a36207-5841-4a64-82fa-c280b970c9de" />
  </Folder>
</Solution>
